
Microsoft Visual Studio Solution File, Format Version 12.00
# Visual Studio Version 17
VisualStudioVersion = 17.5.33627.172
MinimumVisualStudioVersion = 10.0.40219.1
Project("{FAE04EC0-301F-11D3-BF4B-00C04F79EFBC}") = "Practical-Q6", "Practical-Q6\Practical-Q6.csproj", "{AD6820E0-E390-4C95-B585-299BEB9F9C09}"
EndProject
Global
	GlobalSection(SolutionConfigurationPlatforms) = preSolution
		Debug|Any CPU = Debug|Any CPU
		Release|Any CPU = Release|Any CPU
	EndGlobalSection
	GlobalSection(ProjectConfigurationPlatforms) = postSolution
		{AD6820E0-E390-4C95-B585-299BEB9F9C09}.Debug|Any CPU.ActiveCfg = Debug|Any CPU
		{AD6820E0-E390-4C95-B585-299BEB9F9C09}.Debug|Any CPU.Build.0 = Debug|Any CPU
		{AD6820E0-E390-4C95-B585-299BEB9F9C09}.Release|Any CPU.ActiveCfg = Release|Any CPU
		{AD6820E0-E390-4C95-B585-299BEB9F9C09}.Release|Any CPU.Build.0 = Release|Any CPU
	EndGlobalSection
	GlobalSection(SolutionProperties) = preSolution
		HideSolutionNode = FALSE
	EndGlobalSection
	GlobalSection(ExtensibilityGlobals) = postSolution
		SolutionGuid = {46CADABD-1677-4A82-97F1-E93AE1FC80D7}
	EndGlobalSection
EndGlobal
